
Microsoft Visual Studio Solution File, Format Version 12.00
# Visual Studio Version 16
VisualStudioVersion = 16.0.31624.102
MinimumVisualStudioVersion = 10.0.40219.1
Project("{FAE04EC0-301F-11D3-BF4B-00C04F79EFBC}") = "WebDebugger", "WebDebugger\WebDebugger.csproj", "{1C614A6D-B521-4569-A44B-351A8629B89A}"
EndProject
Global
	GlobalSection(SolutionConfigurationPlatforms) = preSolution
		Debug|Any CPU = Debug|Any CPU
		Release|Any CPU = Release|Any CPU
	EndGlobalSection
	GlobalSection(ProjectConfigurationPlatforms) = postSolution
		{1C614A6D-B521-4569-A44B-351A8629B89A}.Debug|Any CPU.ActiveCfg = Debug|Any CPU
		{1C614A6D-B521-4569-A44B-351A8629B89A}.Debug|Any CPU.Build.0 = Debug|Any CPU
		{1C614A6D-B521-4569-A44B-351A8629B89A}.Release|Any CPU.ActiveCfg = Release|Any CPU
		{1C614A6D-B521-4569-A44B-351A8629B89A}.Release|Any CPU.Build.0 = Release|Any CPU
	EndGlobalSection
	GlobalSection(SolutionProperties) = preSolution
		HideSolutionNode = FALSE
	EndGlobalSection
	GlobalSection(ExtensibilityGlobals) = postSolution
		SolutionGuid = {4AC41F79-ECE2-4AAD-BEC4-9BA7789FF76E}
	EndGlobalSection
EndGlobal
